// !$*UTF8*$!
{
	archiveVersion = 1;
	classes = {
	};
	objectVersion = 77;
	objects = {

/* Begin PBXFileReference section */
		A2000001 /* Quit21.app */ = {isa = PBXFileReference; explicitFileType = wrapper.application; includeInIndex = 0; path = Quit21.app; sourceTree = BUILT_PRODUCTS_DIR; };
		A2000002 /* Quit21Tests.xctest */ = {isa = PBXFileReference; explicitFileType = wrapper.cfbundle; includeInIndex = 0; path = Quit21Tests.xctest; sourceTree = BUILT_PRODUCTS_DIR; };
/* End PBXFileReference section */

/* Begin PBXFileSystemSynchronizedRootGroup section */
		A2000003 /* Quit21 */ = {
			isa = PBXFileSystemSynchronizedRootGroup;
			path = Quit21;
			sourceTree = "<group>";
		};
		A2000004 /* Quit21Tests */ = {
			isa = PBXFileSystemSynchronizedRootGroup;
			path = Quit21Tests;
			sourceTree = "<group>";
		};
/* End PBXFileSystemSynchronizedRootGroup section */

/* Begin PBXFrameworksBuildPhase section */
		A2000005 /* Frameworks */ = {
			isa = PBXFrameworksBuildPhase;
			buildActionMask = 2147483647;
			files = (
			);
			runOnlyForDeploymentPostprocessing = 0;
		};
		A2000006 /* Frameworks */ = {
			isa = PBXFrameworksBuildPhase;
			buildActionMask = 2147483647;
			files = (
			);
			runOnlyForDeploymentPostprocessing = 0;
		};
/* End PBXFrameworksBuildPhase section */

/* Begin PBXGroup section */
		A2000007 = {
			isa = PBXGroup;
			children = (
				A2000003 /* Quit21 */,
				A2000004 /* Quit21Tests */,
				A2000008 /* Products */,
			);
			sourceTree = "<group>";
		};
		A2000008 /* Products */ = {
			isa = PBXGroup;
			children = (
				A2000001 /* Quit21.app */,
				A2000002 /* Quit21Tests.xctest */,
			);
			name = Products;
			sourceTree = "<group>";
		};
/* End PBXGroup section */

/* Begin PBXNativeTarget section */
		A2000009 /* Quit21 */ = {
			isa = PBXNativeTarget;
			buildConfigurationList = A2000010 /* Build configuration list for PBXNativeTarget "Quit21" */;
			buildPhases = (
				A2000011 /* Sources */,
				A2000005 /* Frameworks */,
				A2000012 /* Resources */,
			);
			buildRules = (
			);
			dependencies = (
			);
			fileSystemSynchronizedGroups = (
				A2000003 /* Quit21 */,
			);
			name = Quit21;
			packageProductDependencies = (
			);
			productName = Quit21;
			productReference = A2000001 /* Quit21.app */;
			productType = "com.apple.product-type.application";
		};
		A2000013 /* Quit21Tests */ = {
			isa = PBXNativeTarget;
			buildConfigurationList = A2000014 /* Build configuration list for PBXNativeTarget "Quit21Tests" */;
			buildPhases = (
				A2000015 /* Sources */,
				A2000006 /* Frameworks */,
			);
			buildRules = (
			);
			dependencies = (
				A2000016 /* PBXTargetDependency */,
			);
			fileSystemSynchronizedGroups = (
				A2000004 /* Quit21Tests */,
			);
			name = Quit21Tests;
			packageProductDependencies = (
			);
			productName = Quit21Tests;
			productReference = A2000002 /* Quit21Tests.xctest */;
			productType = "com.apple.product-type.bundle.unit-test";
		};
/* End PBXNativeTarget section */

/* Begin PBXProject section */
		A2000017 /* Project object */ = {
			isa = PBXProject;
			attributes = {
				BuildIndependentTargetsInParallel = 1;
				LastSwiftUpdateCheck = 2700;
				LastUpgradeCheck = 2700;
				TargetAttributes = {
					A2000009 = {
						CreatedOnToolsVersion = 27.0;
					};
					A2000013 = {
						CreatedOnToolsVersion = 27.0;
						TestTargetID = A2000009;
					};
				};
			};
			buildConfigurationList = A2000018 /* Build configuration list for PBXProject "Quit21" */;
			developmentRegion = en;
			hasScannedForEncodings = 0;
			knownRegions = (
				en,
				Base,
			);
			mainGroup = A2000007;
			minimizedProjectReferenceProperties = (
			);
			productRefGroup = A2000008 /* Products */;
			projectDirPath = "";
			projectRoot = "";
			targets = (
				A2000009 /* Quit21 */,
				A2000013 /* Quit21Tests */,
			);
		};
/* End PBXProject section */

/* Begin PBXResourcesBuildPhase section */
		A2000012 /* Resources */ = {
			isa = PBXResourcesBuildPhase;
			buildActionMask = 2147483647;
			files = (
			);
			runOnlyForDeploymentPostprocessing = 0;
		};
/* End PBXResourcesBuildPhase section */

/* Begin PBXSourcesBuildPhase section */
		A2000011 /* Sources */ = {
			isa = PBXSourcesBuildPhase;
			buildActionMask = 2147483647;
			files = (
			);
			runOnlyForDeploymentPostprocessing = 0;
		};
		A2000015 /* Sources */ = {
			isa = PBXSourcesBuildPhase;
			buildActionMask = 2147483647;
			files = (
			);
			runOnlyForDeploymentPostprocessing = 0;
		};
/* End PBXSourcesBuildPhase section */

/* Begin PBXTargetDependency section */
		A2000016 /* PBXTargetDependency */ = {
			isa = PBXTargetDependency;
			target = A2000009 /* Quit21 */;
			targetProxy = A2000019 /* PBXContainerItemProxy */;
		};
/* End PBXTargetDependency section */

/* Begin PBXContainerItemProxy section */
		A2000019 /* PBXContainerItemProxy */ = {
			isa = PBXContainerItemProxy;
			containerPortal = A2000017 /* Project object */;
			proxyType = 1;
			remoteGlobalIDString = A2000009;
			remoteInfo = Quit21;
		};
/* End PBXContainerItemProxy section */

/* Begin XCBuildConfiguration section */
		A2000020 /* Debug */ = {
			isa = XCBuildConfiguration;
			buildSettings = {
				ALWAYS_SEARCH_USER_PATHS = NO;
				CLANG_ENABLE_MODULES = YES;
				CLANG_ENABLE_OBJC_ARC = YES;
				COPY_PHASE_STRIP = NO;
				DEBUG_INFORMATION_FORMAT = dwarf;
				ENABLE_STRICT_OBJC_MSGSEND = YES;
				ENABLE_TESTABILITY = YES;
				GCC_OPTIMIZATION_LEVEL = 0;
				MTL_ENABLE_DEBUG_INFO = INCLUDE_SOURCE;
				ONLY_ACTIVE_ARCH = YES;
				SWIFT_ACTIVE_COMPILATION_CONDITIONS = "DEBUG $(inherited)";
				SWIFT_OPTIMIZATION_LEVEL = "-Onone";
			};
			name = Debug;
		};
		A2000021 /* Release */ = {
			isa = XCBuildConfiguration;
			buildSettings = {
				ALWAYS_SEARCH_USER_PATHS = NO;
				CLANG_ENABLE_MODULES = YES;
				CLANG_ENABLE_OBJC_ARC = YES;
				COPY_PHASE_STRIP = NO;
				DEBUG_INFORMATION_FORMAT = "dwarf-with-dsym";
				ENABLE_NS_ASSERTIONS = NO;
				ENABLE_STRICT_OBJC_MSGSEND = YES;
				MTL_ENABLE_DEBUG_INFO = NO;
				SWIFT_COMPILATION_MODE = wholemodule;
				VALIDATE_PRODUCT = YES;
			};
			name = Release;
		};
		A2000022 /* Debug */ = {
			isa = XCBuildConfiguration;
			buildSettings = {
				ASSETCATALOG_COMPILER_APPICON_NAME = AppIcon;
				ASSETCATALOG_COMPILER_GLOBAL_ACCENT_COLOR_NAME = AccentColor;
				CODE_SIGN_STYLE = Automatic;
				DEVELOPMENT_TEAM = UNV32Q8W64;
				CURRENT_PROJECT_VERSION = 1;
				ENABLE_PREVIEWS = YES;
				GENERATE_INFOPLIST_FILE = YES;
				INFOPLIST_KEY_CFBundleDisplayName = "QUIT21";
				INFOPLIST_KEY_NSMicrophoneUsageDescription = "Voice logging lets you say things like \"I smoked two cigarettes after dinner\" instead of tapping through menus. Audio is processed on-device and never leaves your phone.";
				INFOPLIST_KEY_NSSpeechRecognitionUsageDescription = "Speech recognition converts your voice into a logged craving or smoking event, entirely on-device.";
				INFOPLIST_KEY_UIApplicationSceneManifest_Generation = YES;
				INFOPLIST_KEY_UILaunchScreen_Generation = YES;
				INFOPLIST_KEY_UISupportedInterfaceOrientations = "UIInterfaceOrientationPortrait";
				INFOPLIST_KEY_UISupportedInterfaceOrientations_iPad = "UIInterfaceOrientationPortrait UIInterfaceOrientationPortraitUpsideDown";
				INFOPLIST_KEY_ITSAppUsesNonExemptEncryption = NO;
				IPHONEOS_DEPLOYMENT_TARGET = 17.0;
				LD_RUNPATH_SEARCH_PATHS = ("$(inherited)", "@executable_path/Frameworks");
				MARKETING_VERSION = 1.0;
				PRODUCT_BUNDLE_IDENTIFIER = com.hukamsingh.quit21;
				PRODUCT_NAME = "$(TARGET_NAME)";
				SDKROOT = iphoneos;
				SUPPORTED_PLATFORMS = "iphoneos iphonesimulator";
				SUPPORTS_MACCATALYST = NO;
				SWIFT_EMIT_LOC_STRINGS = YES;
				SWIFT_VERSION = 5.0;
				TARGETED_DEVICE_FAMILY = "1,2";
			};
			name = Debug;
		};
		A2000023 /* Release */ = {
			isa = XCBuildConfiguration;
			buildSettings = {
				ASSETCATALOG_COMPILER_APPICON_NAME = AppIcon;
				ASSETCATALOG_COMPILER_GLOBAL_ACCENT_COLOR_NAME = AccentColor;
				CODE_SIGN_STYLE = Automatic;
				DEVELOPMENT_TEAM = UNV32Q8W64;
				CURRENT_PROJECT_VERSION = 1;
				ENABLE_PREVIEWS = YES;
				GENERATE_INFOPLIST_FILE = YES;
				INFOPLIST_KEY_CFBundleDisplayName = "QUIT21";
				INFOPLIST_KEY_NSMicrophoneUsageDescription = "Voice logging lets you say things like \"I smoked two cigarettes after dinner\" instead of tapping through menus. Audio is processed on-device and never leaves your phone.";
				INFOPLIST_KEY_NSSpeechRecognitionUsageDescription = "Speech recognition converts your voice into a logged craving or smoking event, entirely on-device.";
				INFOPLIST_KEY_UIApplicationSceneManifest_Generation = YES;
				INFOPLIST_KEY_UILaunchScreen_Generation = YES;
				INFOPLIST_KEY_UISupportedInterfaceOrientations = "UIInterfaceOrientationPortrait";
				INFOPLIST_KEY_UISupportedInterfaceOrientations_iPad = "UIInterfaceOrientationPortrait UIInterfaceOrientationPortraitUpsideDown";
				INFOPLIST_KEY_ITSAppUsesNonExemptEncryption = NO;
				IPHONEOS_DEPLOYMENT_TARGET = 17.0;
				LD_RUNPATH_SEARCH_PATHS = ("$(inherited)", "@executable_path/Frameworks");
				MARKETING_VERSION = 1.0;
				PRODUCT_BUNDLE_IDENTIFIER = com.hukamsingh.quit21;
				PRODUCT_NAME = "$(TARGET_NAME)";
				SDKROOT = iphoneos;
				SUPPORTED_PLATFORMS = "iphoneos iphonesimulator";
				SUPPORTS_MACCATALYST = NO;
				SWIFT_EMIT_LOC_STRINGS = YES;
				SWIFT_VERSION = 5.0;
				TARGETED_DEVICE_FAMILY = "1,2";
			};
			name = Release;
		};
		A2000024 /* Debug */ = {
			isa = XCBuildConfiguration;
			buildSettings = {
				CODE_SIGN_STYLE = Automatic;
				DEVELOPMENT_TEAM = UNV32Q8W64;
				CURRENT_PROJECT_VERSION = 1;
				GENERATE_INFOPLIST_FILE = YES;
				IPHONEOS_DEPLOYMENT_TARGET = 17.0;
				PRODUCT_BUNDLE_IDENTIFIER = com.hukamsingh.quit21.tests;
				PRODUCT_NAME = "$(TARGET_NAME)";
				SDKROOT = iphoneos;
				SUPPORTED_PLATFORMS = "iphoneos iphonesimulator";
				SWIFT_VERSION = 5.0;
				TARGETED_DEVICE_FAMILY = "1,2";
				TEST_HOST = "$(BUILT_PRODUCTS_DIR)/Quit21.app/$(BUNDLE_EXECUTABLE_FOLDER_PATH)/Quit21";
				BUNDLE_LOADER = "$(TEST_HOST)";
			};
			name = Debug;
		};
		A2000025 /* Release */ = {
			isa = XCBuildConfiguration;
			buildSettings = {
				CODE_SIGN_STYLE = Automatic;
				DEVELOPMENT_TEAM = UNV32Q8W64;
				CURRENT_PROJECT_VERSION = 1;
				GENERATE_INFOPLIST_FILE = YES;
				IPHONEOS_DEPLOYMENT_TARGET = 17.0;
				PRODUCT_BUNDLE_IDENTIFIER = com.hukamsingh.quit21.tests;
				PRODUCT_NAME = "$(TARGET_NAME)";
				SDKROOT = iphoneos;
				SUPPORTED_PLATFORMS = "iphoneos iphonesimulator";
				SWIFT_VERSION = 5.0;
				TARGETED_DEVICE_FAMILY = "1,2";
				TEST_HOST = "$(BUILT_PRODUCTS_DIR)/Quit21.app/$(BUNDLE_EXECUTABLE_FOLDER_PATH)/Quit21";
				BUNDLE_LOADER = "$(TEST_HOST)";
			};
			name = Release;
		};
/* End XCBuildConfiguration section */

/* Begin XCConfigurationList section */
		A2000010 /* Build configuration list for PBXNativeTarget "Quit21" */ = {
			isa = XCConfigurationList;
			buildConfigurations = (
				A2000022 /* Debug */,
				A2000023 /* Release */,
			);
			defaultConfigurationIsVisible = 0;
			defaultConfigurationName = Release;
		};
		A2000014 /* Build configuration list for PBXNativeTarget "Quit21Tests" */ = {
			isa = XCConfigurationList;
			buildConfigurations = (
				A2000024 /* Debug */,
				A2000025 /* Release */,
			);
			defaultConfigurationIsVisible = 0;
			defaultConfigurationName = Release;
		};
		A2000018 /* Build configuration list for PBXProject "Quit21" */ = {
			isa = XCConfigurationList;
			buildConfigurations = (
				A2000020 /* Debug */,
				A2000021 /* Release */,
			);
			defaultConfigurationIsVisible = 0;
			defaultConfigurationName = Release;
		};
/* End XCConfigurationList section */
	};
	rootObject = A2000017 /* Project object */;
}
